{
  "name": "osv-scanner-demo",
  "version": "1.0.0",
  "lockfileVersion": 2,
  "requires": true,
  "packages": {
    "": {
      "name": "osv-scanner-demo",
      "version": "1.0.0",
      "dependencies": {
        "axios": "0.18.0",
        "express": "4.16.0",
        "lodash": "4.17.4"
      }
    },
    "node_modules/axios": {
      "version": "0.18.0",
      "resolved": "https://registry.npmjs.org/axios/-/axios-0.18.0.tgz",
      "integrity": "sha512-ql49Yp80pG+p7S0XU0N/3/HndvMvD8p7Yj8D/q1L6N16eGZ8K/8=="
    },
    "node_modules/express": {
      "version": "4.16.0",
      "resolved": "https://registry.npmjs.org/express/-/express-4.16.0.tgz",
      "integrity": "sha512-Ym11N/p3S6S4W/W13Z2=="
    },
    "node_modules/lodash": {
      "version": "4.17.4",
      "resolved": "https://registry.npmjs.org/lodash/-/lodash-4.17.4.tgz",
      "integrity": "sha512-V0HPCmY6fXF8+X+5L=="
    }
  }
}
